
Microsoft Visual Studio Solution File, Format Version 12.00
# Visual Studio 2013
VisualStudioVersion = 12.0.40629.0
MinimumVisualStudioVersion = 10.0.40219.1
Project("{2150E333-8FDC-42A3-9474-1A3956D46DE8}") = "Engine", "Engine", "{8C498E31-5B39-41A6-AC2F-92FCF78905F7}"
EndProject
Project("{2150E333-8FDC-42A3-9474-1A3956D46DE8}") = "Games", "Games", "{536B03A8-E33D-459F-A527-F362E9B85A55}"
EndProject
Project("{8BC9CEB8-8B4A-11D0-8D11-00A0C91BC942}") = "UE4", "Intermediate\ProjectFiles\UE4.vcxproj", "{8A005EEF-CEF6-4FFD-BC77-E0171DED127A}"
EndProject
Project("{8BC9CEB8-8B4A-11D0-8D11-00A0C91BC942}") = "RTS", "Intermediate\ProjectFiles\RTS.vcxproj", "{67D14438-B163-4387-BAC9-7F46165ACDDC}"
EndProject
Global
	GlobalSection(SolutionConfigurationPlatforms) = preSolution
		DebugGame Editor|Win32 = DebugGame Editor|Win32
		DebugGame Editor|Win64 = DebugGame Editor|Win64
		DebugGame|Win32 = DebugGame|Win32
		DebugGame|Win64 = DebugGame|Win64
		Development Editor|Win32 = Development Editor|Win32
		Development Editor|Win64 = Development Editor|Win64
		Development|Win32 = Development|Win32
		Development|Win64 = Development|Win64
		Shipping|Win32 = Shipping|Win32
		Shipping|Win64 = Shipping|Win64
	EndGlobalSection
	GlobalSection(ProjectConfigurationPlatforms) = postSolution
		{8A005EEF-CEF6-4FFD-BC77-E0171DED127A}.DebugGame Editor|Win32.ActiveCfg = BuiltWithUnrealBuildTool|Win32
		{8A005EEF-CEF6-4FFD-BC77-E0171DED127A}.DebugGame Editor|Win32.Build.0 = BuiltWithUnrealBuildTool|Win32
		{8A005EEF-CEF6-4FFD-BC77-E0171DED127A}.DebugGame Editor|Win64.ActiveCfg = BuiltWithUnrealBuildTool|Win32
		{8A005EEF-CEF6-4FFD-BC77-E0171DED127A}.DebugGame|Win32.ActiveCfg = BuiltWithUnrealBuildTool|Win32
		{8A005EEF-CEF6-4FFD-BC77-E0171DED127A}.DebugGame|Win32.Build.0 = BuiltWithUnrealBuildTool|Win32
		{8A005EEF-CEF6-4FFD-BC77-E0171DED127A}.DebugGame|Win64.ActiveCfg = BuiltWithUnrealBuildTool|Win32
		{8A005EEF-CEF6-4FFD-BC77-E0171DED127A}.Development Editor|Win32.ActiveCfg = BuiltWithUnrealBuildTool|Win32
		{8A005EEF-CEF6-4FFD-BC77-E0171DED127A}.Development Editor|Win32.Build.0 = BuiltWithUnrealBuildTool|Win32
		{8A005EEF-CEF6-4FFD-BC77-E0171DED127A}.Development Editor|Win64.ActiveCfg = BuiltWithUnrealBuildTool|Win32
		{8A005EEF-CEF6-4FFD-BC77-E0171DED127A}.Development|Win32.ActiveCfg = BuiltWithUnrealBuildTool|Win32
		{8A005EEF-CEF6-4FFD-BC77-E0171DED127A}.Development|Win32.Build.0 = BuiltWithUnrealBuildTool|Win32
		{8A005EEF-CEF6-4FFD-BC77-E0171DED127A}.Development|Win64.ActiveCfg = BuiltWithUnrealBuildTool|Win32
		{8A005EEF-CEF6-4FFD-BC77-E0171DED127A}.Shipping|Win32.ActiveCfg = BuiltWithUnrealBuildTool|Win32
		{8A005EEF-CEF6-4FFD-BC77-E0171DED127A}.Shipping|Win32.Build.0 = BuiltWithUnrealBuildTool|Win32
		{8A005EEF-CEF6-4FFD-BC77-E0171DED127A}.Shipping|Win64.ActiveCfg = BuiltWithUnrealBuildTool|Win32
		{67D14438-B163-4387-BAC9-7F46165ACDDC}.DebugGame Editor|Win32.ActiveCfg = DebugGame_Editor|Win32
		{67D14438-B163-4387-BAC9-7F46165ACDDC}.DebugGame Editor|Win32.Build.0 = DebugGame_Editor|Win32
		{67D14438-B163-4387-BAC9-7F46165ACDDC}.DebugGame Editor|Win64.ActiveCfg = DebugGame_Editor|x64
		{67D14438-B163-4387-BAC9-7F46165ACDDC}.DebugGame Editor|Win64.Build.0 = DebugGame_Editor|x64
		{67D14438-B163-4387-BAC9-7F46165ACDDC}.DebugGame|Win32.ActiveCfg = DebugGame_Game|Win32
		{67D14438-B163-4387-BAC9-7F46165ACDDC}.DebugGame|Win32.Build.0 = DebugGame_Game|Win32
		{67D14438-B163-4387-BAC9-7F46165ACDDC}.DebugGame|Win64.ActiveCfg = DebugGame_Game|x64
		{67D14438-B163-4387-BAC9-7F46165ACDDC}.DebugGame|Win64.Build.0 = DebugGame_Game|x64
		{67D14438-B163-4387-BAC9-7F46165ACDDC}.Development Editor|Win32.ActiveCfg = Development_Editor|Win32
		{67D14438-B163-4387-BAC9-7F46165ACDDC}.Development Editor|Win32.Build.0 = Development_Editor|Win32
		{67D14438-B163-4387-BAC9-7F46165ACDDC}.Development Editor|Win64.ActiveCfg = Development_Editor|x64
		{67D14438-B163-4387-BAC9-7F46165ACDDC}.Development Editor|Win64.Build.0 = Development_Editor|x64
		{67D14438-B163-4387-BAC9-7F46165ACDDC}.Development|Win32.ActiveCfg = Development_Game|Win32
		{67D14438-B163-4387-BAC9-7F46165ACDDC}.Development|Win32.Build.0 = Development_Game|Win32
		{67D14438-B163-4387-BAC9-7F46165ACDDC}.Development|Win64.ActiveCfg = Development_Game|x64
		{67D14438-B163-4387-BAC9-7F46165ACDDC}.Development|Win64.Build.0 = Development_Game|x64
		{67D14438-B163-4387-BAC9-7F46165ACDDC}.Shipping|Win32.ActiveCfg = Shipping_Game|Win32
		{67D14438-B163-4387-BAC9-7F46165ACDDC}.Shipping|Win32.Build.0 = Shipping_Game|Win32
		{67D14438-B163-4387-BAC9-7F46165ACDDC}.Shipping|Win64.ActiveCfg = Shipping_Game|x64
		{67D14438-B163-4387-BAC9-7F46165ACDDC}.Shipping|Win64.Build.0 = Shipping_Game|x64
	EndGlobalSection
	GlobalSection(SolutionProperties) = preSolution
		HideSolutionNode = FALSE
	EndGlobalSection
	GlobalSection(NestedProjects) = preSolution
		{8A005EEF-CEF6-4FFD-BC77-E0171DED127A} = {8C498E31-5B39-41A6-AC2F-92FCF78905F7}
		{67D14438-B163-4387-BAC9-7F46165ACDDC} = {536B03A8-E33D-459F-A527-F362E9B85A55}
	EndGlobalSection
EndGlobal
